github.com/cespare/xxhash/v2 v2.2.0 h1:DC2CZ1Ep5Y4k3ZQ8TZD3whvdeQ4i3eM343FgUORLn1o=
github.com/cespare/xxhash/v2 v2.2.0/go.mod h1:VGX0DQ3Q6qWiZhJiE8ILVlp1xYBvX0L6mpvBcIqWLYg=
github.com/dgryski/go-rendezvous v0.0.0-20200823014737-9f7001d12a5f h1:l33hNGhPiCirYji7PW4opp4O35DR86Ygz8SeeTfrh1U=
github.com/dgryski/go-rendezvous v0.0.0-20200823014737-9f7001d12a5f/go.mod h1:cuUVRXasLTGF7a8hSLbU5wWzQve7gyS2LhSTq6NsK6Q=
github.com/google/uuid v1.6.0 h1:NIva/DMWXn0PW8uXi6dtiOhcW/0bpbUbH0lz8uQ1+Jg=
github.com/google/uuid v1.6.0/go.mod h1:TIyPZe4MgqvfeYDBFedGaGGVZrJvPWCkSzHkfF8Zf0o=
github.com/redis/go-redis/v9 v9.5.1 h1:1kspoNuQnU8kRTvM6lQSdANGUg8Mhgm5L8DuseaQDqJU=
github.com/redis/go-redis/v9 v9.5.1/go.mod h1:1Y319JW5Uoe0oj9WI1MwDSuf2bwII9OHfPzYP91ufw4=
golang.org/x/net v0.20.0 h1:an8D4gVpfBFzXvfH0mU6HTR2sBoIR3nCcxbiJEhXhj0=
golang.org/x/net v0.20.0/go.mod h1:hxz8wR5r5TfsZy3KmSbJFpJ8oNI2mFj36OqGciR5i3M=
golang.org/x/sys v0.16.0 h1:xWQ16UttgeE2I6RJTKz+6M5DZjLsYP7YQ1Z3i9VpttA=
golang.org/x/sys v0.16.0/go.mod h1:/VUHeDwd6IJOzxgC/5IwW5ipL/qZh7iAnQd6ZdzyZpU4=
golang.org/x/text v0.14.0 h1:1JUOrkfj8oS3MhQ6nJbHIPCzqR0BGh2DKJM+NJPpYmxY=
golang.org/x/text v0.14.0/go.mod h1:Y3y2Y0ejA6SoTPMDbuRwI2mNbQ3aT8Ytj6nB1I2vL5U=
google.golang.org/genproto/googleapis/rpc v0.0.0-20240228224816-97e1ab8b5c6c h1:J9K/jGGhSr68o0wmWqrBE7oDn7R4+o9aF+yGRDz4U3U=
google.golang.org/genproto/googleapis/rpc v0.0.0-20240228224816-97e1ab8b5c6c/go.mod h1:1zRm4Q9mut4l11I2wS1cY3UJjU6D9aJDFOO1QDRt1Dk=
google.golang.org/grpc v1.63.2 h1:bHw/lHIJjPF2WjBz9E5LQRcGqcMWqQv+UIdQ6u2nQ5Z4=
google.golang.org/grpc v1.63.2/go.mod h1:9onx3j24x05w06T6g6Uvf9IhrNgYqkO4j7CuENQ8RR8=
google.golang.org/protobuf v1.33.0 h1:2D9/8x4aO2eTr2cc1vfR/ZYw9EjsR6J4etS2vK8bT2s=
google.golang.org/protobuf v1.33.0/go.mod h1:c6PYFGsr2z4Z4hW/Pj7vW6K5lb8j5eGO5Ij9eH/y0ng=
